
Microsoft Visual Studio Solution File, Format Version 12.00
# Visual Studio 14
VisualStudioVersion = 14.0.25420.1
MinimumVisualStudioVersion = 10.0.40219.1
Project("{8BC9CEB8-8B4A-11D0-8D11-00A0C91BC942}") = "specialdlp", "specialdlp\specialdlp.vcxproj", "{3A9EE43B-4961-4F30-A565-A48EB043B6C4}"
EndProject
Global
	GlobalSection(SolutionConfigurationPlatforms) = preSolution
		Debug|x64 = Debug|x64
		Debug|x86 = Debug|x86
		Release_All-VeryCD-Mod|x64 = Release_All-VeryCD-Mod|x64
		Release_All-VeryCD-Mod|x86 = Release_All-VeryCD-Mod|x86
		Release_Lite|x64 = Release_Lite|x64
		Release_Lite|x86 = Release_Lite|x86
		Release_VeryCD_Tag|x64 = Release_VeryCD_Tag|x64
		Release_VeryCD_Tag|x86 = Release_VeryCD_Tag|x86
		Release_VeryCD-Default-NickNames|x64 = Release_VeryCD-Default-NickNames|x64
		Release_VeryCD-Default-NickNames|x86 = Release_VeryCD-Default-NickNames|x86
		Release_VeryCD-EasyMule-Mod|x64 = Release_VeryCD-EasyMule-Mod|x64
		Release_VeryCD-EasyMule-Mod|x86 = Release_VeryCD-EasyMule-Mod|x86
		Release|x64 = Release|x64
		Release|x86 = Release|x86
	EndGlobalSection
	GlobalSection(ProjectConfigurationPlatforms) = postSolution
		{3A9EE43B-4961-4F30-A565-A48EB043B6C4}.Debug|x64.ActiveCfg = Debug|x64
		{3A9EE43B-4961-4F30-A565-A48EB043B6C4}.Debug|x64.Build.0 = Debug|x64
		{3A9EE43B-4961-4F30-A565-A48EB043B6C4}.Debug|x86.ActiveCfg = Debug|Win32
		{3A9EE43B-4961-4F30-A565-A48EB043B6C4}.Debug|x86.Build.0 = Debug|Win32
		{3A9EE43B-4961-4F30-A565-A48EB043B6C4}.Release_All-VeryCD-Mod|x64.ActiveCfg = Release_All-VeryCD-Mod|x64
		{3A9EE43B-4961-4F30-A565-A48EB043B6C4}.Release_All-VeryCD-Mod|x64.Build.0 = Release_All-VeryCD-Mod|x64
		{3A9EE43B-4961-4F30-A565-A48EB043B6C4}.Release_All-VeryCD-Mod|x86.ActiveCfg = Release_All-VeryCD-Mod|Win32
		{3A9EE43B-4961-4F30-A565-A48EB043B6C4}.Release_All-VeryCD-Mod|x86.Build.0 = Release_All-VeryCD-Mod|Win32
		{3A9EE43B-4961-4F30-A565-A48EB043B6C4}.Release_Lite|x64.ActiveCfg = Release_Lite|x64
		{3A9EE43B-4961-4F30-A565-A48EB043B6C4}.Release_Lite|x64.Build.0 = Release_Lite|x64
		{3A9EE43B-4961-4F30-A565-A48EB043B6C4}.Release_Lite|x86.ActiveCfg = Release_Lite|Win32
		{3A9EE43B-4961-4F30-A565-A48EB043B6C4}.Release_Lite|x86.Build.0 = Release_Lite|Win32
		{3A9EE43B-4961-4F30-A565-A48EB043B6C4}.Release_VeryCD_Tag|x64.ActiveCfg = Release_VeryCD_Tag|x64
		{3A9EE43B-4961-4F30-A565-A48EB043B6C4}.Release_VeryCD_Tag|x64.Build.0 = Release_VeryCD_Tag|x64
		{3A9EE43B-4961-4F30-A565-A48EB043B6C4}.Release_VeryCD_Tag|x86.ActiveCfg = Release_VeryCD_Tag|Win32
		{3A9EE43B-4961-4F30-A565-A48EB043B6C4}.Release_VeryCD_Tag|x86.Build.0 = Release_VeryCD_Tag|Win32
		{3A9EE43B-4961-4F30-A565-A48EB043B6C4}.Release_VeryCD-Default-NickNames|x64.ActiveCfg = Release_VeryCD-Default-NickNames|x64
		{3A9EE43B-4961-4F30-A565-A48EB043B6C4}.Release_VeryCD-Default-NickNames|x64.Build.0 = Release_VeryCD-Default-NickNames|x64
		{3A9EE43B-4961-4F30-A565-A48EB043B6C4}.Release_VeryCD-Default-NickNames|x86.ActiveCfg = Release_VeryCD-Default-NickNames|Win32
		{3A9EE43B-4961-4F30-A565-A48EB043B6C4}.Release_VeryCD-Default-NickNames|x86.Build.0 = Release_VeryCD-Default-NickNames|Win32
		{3A9EE43B-4961-4F30-A565-A48EB043B6C4}.Release_VeryCD-EasyMule-Mod|x64.ActiveCfg = Release_VeryCD-EasyMule-Mod|x64
		{3A9EE43B-4961-4F30-A565-A48EB043B6C4}.Release_VeryCD-EasyMule-Mod|x64.Build.0 = Release_VeryCD-EasyMule-Mod|x64
		{3A9EE43B-4961-4F30-A565-A48EB043B6C4}.Release_VeryCD-EasyMule-Mod|x86.ActiveCfg = Release_VeryCD-EasyMule-Mod|Win32
		{3A9EE43B-4961-4F30-A565-A48EB043B6C4}.Release_VeryCD-EasyMule-Mod|x86.Build.0 = Release_VeryCD-EasyMule-Mod|Win32
		{3A9EE43B-4961-4F30-A565-A48EB043B6C4}.Release|x64.ActiveCfg = Release|x64
		{3A9EE43B-4961-4F30-A565-A48EB043B6C4}.Release|x64.Build.0 = Release|x64
		{3A9EE43B-4961-4F30-A565-A48EB043B6C4}.Release|x86.ActiveCfg = Release|Win32
		{3A9EE43B-4961-4F30-A565-A48EB043B6C4}.Release|x86.Build.0 = Release|Win32
	EndGlobalSection
	GlobalSection(SolutionProperties) = preSolution
		HideSolutionNode = FALSE
	EndGlobalSection
EndGlobal
