
Microsoft Visual Studio Solution File, Format Version 12.00
# Visual Studio Version 17
VisualStudioVersion = 17.0.31903.59
MinimumVisualStudioVersion = 10.0.40219.1
Project("{8BC9CEB8-8B4A-11D0-8D11-00A0C91BC942}") = "specialdlp", "specialdlp\specialdlp.vcxproj", "{3A9EE43B-4961-4F30-A565-A48EB043B6C4}"
EndProject
Project("{2150E333-8FDC-42A3-9474-1A3956D46DE8}") = "specialdlp", "specialdlp", "{AC73A027-5FAF-4DEC-93AC-F92A3326A654}"
EndProject
Project("{2150E333-8FDC-42A3-9474-1A3956D46DE8}") = "document", "document", "{480E715A-EA0B-47A0-BDCD-6484E835EF45}"
	ProjectSection(SolutionItems) = preProject
		document\changelog.en.txt = document\changelog.en.txt
		document\changelog.zh-hans.txt = document\changelog.zh-hans.txt
		document\changelog.zh-hant.txt = document\changelog.zh-hant.txt
		document\checksum.md = document\checksum.md
		document\license = document\license
		document\license.specialdlpTester = document\license.specialdlpTester
		document\readme.en.html = document\readme.en.html
		document\readme.en.md = document\readme.en.md
		document\readme.en.txt = document\readme.en.txt
		document\readme.zh-hans.html = document\readme.zh-hans.html
		document\readme.zh-hans.md = document\readme.zh-hans.md
		document\readme.zh-hans.txt = document\readme.zh-hans.txt
		document\readme.zh-hant.html = document\readme.zh-hant.html
		document\readme.zh-hant.md = document\readme.zh-hant.md
		document\readme.zh-hant.txt = document\readme.zh-hant.txt
	EndProjectSection
EndProject
Project("{2150E333-8FDC-42A3-9474-1A3956D46DE8}") = "git", "git", "{9A08E279-0E63-45E8-8D88-1076FDC2A6E3}"
	ProjectSection(SolutionItems) = preProject
		document\git\.gitattributes = document\git\.gitattributes
	EndProjectSection
EndProject
Project("{2150E333-8FDC-42A3-9474-1A3956D46DE8}") = "github", "github", "{8DFDE115-8BC9-494A-B734-39CBF145169A}"
EndProject
Project("{2150E333-8FDC-42A3-9474-1A3956D46DE8}") = "gitlab", "gitlab", "{E6BD94B7-6644-4965-A6B8-B08D0D8104A0}"
EndProject
Project("{2150E333-8FDC-42A3-9474-1A3956D46DE8}") = "script", "script", "{B8B5EA5A-BA3F-4A22-A62C-3AE925BE11B6}"
	ProjectSection(SolutionItems) = preProject
		script\sdc_checksum.py = script\sdc_checksum.py
	EndProjectSection
EndProject
Project("{2150E333-8FDC-42A3-9474-1A3956D46DE8}") = "master", "master", "{20E40F21-E3D4-4516-8CE7-233D15C38844}"
	ProjectSection(SolutionItems) = preProject
		document\git\github\master\readme.md = document\git\github\master\readme.md
		document\git\github\master\readme.zh-hans.md = document\git\github\master\readme.zh-hans.md
		document\git\github\master\readme.zh-hant.md = document\git\github\master\readme.zh-hant.md
	EndProjectSection
EndProject
Project("{2150E333-8FDC-42A3-9474-1A3956D46DE8}") = "binary", "binary", "{9E64FC2C-565E-4FC2-AB5B-1902C7C941E4}"
	ProjectSection(SolutionItems) = preProject
		document\git\github\binary\readme.md = document\git\github\binary\readme.md
		document\git\github\binary\readme.zh-hans.md = document\git\github\binary\readme.zh-hans.md
		document\git\github\binary\readme.zh-hant.md = document\git\github\binary\readme.zh-hant.md
	EndProjectSection
EndProject
Project("{2150E333-8FDC-42A3-9474-1A3956D46DE8}") = "master", "master", "{B32B3B46-0FF9-413B-AC4F-B48749C969B4}"
	ProjectSection(SolutionItems) = preProject
		document\git\gitlab\master\readme.md = document\git\gitlab\master\readme.md
		document\git\gitlab\master\readme.zh-hans.md = document\git\gitlab\master\readme.zh-hans.md
		document\git\gitlab\master\readme.zh-hant.md = document\git\gitlab\master\readme.zh-hant.md
	EndProjectSection
EndProject
Project("{2150E333-8FDC-42A3-9474-1A3956D46DE8}") = "binary", "binary", "{41CB23C9-A1C9-4ABF-97D6-6969EA885078}"
	ProjectSection(SolutionItems) = preProject
		document\git\gitlab\binary\readme.md = document\git\gitlab\binary\readme.md
		document\git\gitlab\binary\readme.zh-hans.md = document\git\gitlab\binary\readme.zh-hans.md
		document\git\gitlab\binary\readme.zh-hant.md = document\git\gitlab\binary\readme.zh-hant.md
	EndProjectSection
EndProject
Project("{2150E333-8FDC-42A3-9474-1A3956D46DE8}") = "target", "target", "{986C1212-FE51-4509-BD30-055C82410BBF}"
EndProject
Project("{8BC9CEB8-8B4A-11D0-8D11-00A0C91BC942}") = "specialdlpTester", "specialdlpTester\specialdlpTester.vcxproj", "{BEB0CD3F-35F6-48C5-8FFA-F6CFF7EA2225}"
EndProject
Project("{2150E333-8FDC-42A3-9474-1A3956D46DE8}") = "archive", "archive", "{48BF678A-CF1F-42E8-B024-E0990C1F206B}"
EndProject
Project("{2150E333-8FDC-42A3-9474-1A3956D46DE8}") = "arm", "arm", "{CF942649-6102-4E94-8918-D362AE6A9A62}"
EndProject
Project("{2150E333-8FDC-42A3-9474-1A3956D46DE8}") = "arm64", "arm64", "{0085204F-D0FB-489B-874D-EE492513EEAE}"
EndProject
Project("{2150E333-8FDC-42A3-9474-1A3956D46DE8}") = "arm64ec", "arm64ec", "{8F32A07B-C968-4B28-A540-9E43E5504221}"
EndProject
Project("{2150E333-8FDC-42A3-9474-1A3956D46DE8}") = "x86", "x86", "{357299DC-7753-4EAB-BBFD-D4CA50B91BCC}"
EndProject
Project("{2150E333-8FDC-42A3-9474-1A3956D46DE8}") = "x64", "x64", "{E7AEA776-F51F-4964-BE93-798EC240BFC9}"
EndProject
Project("{2150E333-8FDC-42A3-9474-1A3956D46DE8}") = "all-verycd", "all-verycd", "{3B492BC9-AB45-4FA3-B139-8E5D63694A1B}"
	ProjectSection(SolutionItems) = preProject
		target\specialdlp\arm\all-verycd\antiLeecharm.dll.new = target\specialdlp\arm\all-verycd\antiLeecharm.dll.new
	EndProjectSection
EndProject
Project("{2150E333-8FDC-42A3-9474-1A3956D46DE8}") = "all-verycd", "all-verycd", "{84E72D04-DAE7-4A3B-9651-D0E569F2637B}"
	ProjectSection(SolutionItems) = preProject
		target\specialdlp\arm64\all-verycd\antiLeecharm64.dll.new = target\specialdlp\arm64\all-verycd\antiLeecharm64.dll.new
	EndProjectSection
EndProject
Project("{2150E333-8FDC-42A3-9474-1A3956D46DE8}") = "all-verycd", "all-verycd", "{64E43285-EC0A-4774-B6F3-F049AB3D9C77}"
	ProjectSection(SolutionItems) = preProject
		target\specialdlp\arm64ec\all-verycd\antiLeecharm64ec.dll.new = target\specialdlp\arm64ec\all-verycd\antiLeecharm64ec.dll.new
	EndProjectSection
EndProject
Project("{2150E333-8FDC-42A3-9474-1A3956D46DE8}") = "all-verycd", "all-verycd", "{FA9A2E71-4D1C-4F6C-9ED7-19F71A2361C9}"
	ProjectSection(SolutionItems) = preProject
		target\specialdlp\x64\all-verycd\antiLeechx64.dll.new = target\specialdlp\x64\all-verycd\antiLeechx64.dll.new
	EndProjectSection
EndProject
Project("{2150E333-8FDC-42A3-9474-1A3956D46DE8}") = "all-verycd", "all-verycd", "{B88B61A4-43CF-43CB-B004-48C4C82C710D}"
	ProjectSection(SolutionItems) = preProject
		target\specialdlp\x86\all-verycd\antiLeech.dll.new = target\specialdlp\x86\all-verycd\antiLeech.dll.new
	EndProjectSection
EndProject
Project("{2150E333-8FDC-42A3-9474-1A3956D46DE8}") = "easymule", "easymule", "{8C9E3DDD-1451-4ACA-9F26-890525648515}"
	ProjectSection(SolutionItems) = preProject
		target\specialdlp\arm\easymule\antiLeecharm.dll.new = target\specialdlp\arm\easymule\antiLeecharm.dll.new
	EndProjectSection
EndProject
Project("{2150E333-8FDC-42A3-9474-1A3956D46DE8}") = "easymule", "easymule", "{6DCD3A66-7E1B-4E02-B571-F80A2DB27F80}"
	ProjectSection(SolutionItems) = preProject
		target\specialdlp\arm64\easymule\antiLeecharm64.dll.new = target\specialdlp\arm64\easymule\antiLeecharm64.dll.new
	EndProjectSection
EndProject
Project("{2150E333-8FDC-42A3-9474-1A3956D46DE8}") = "easymule", "easymule", "{0E4F029D-F819-45CB-9CB4-1246F28C75CE}"
	ProjectSection(SolutionItems) = preProject
		target\specialdlp\arm64ec\easymule\antiLeecharm64ec.dll.new = target\specialdlp\arm64ec\easymule\antiLeecharm64ec.dll.new
	EndProjectSection
EndProject
Project("{2150E333-8FDC-42A3-9474-1A3956D46DE8}") = "easymule", "easymule", "{8045DD46-3BF2-4473-B6D1-4A7D4E73DF47}"
	ProjectSection(SolutionItems) = preProject
		target\specialdlp\x64\easymule\antiLeechx64.dll.new = target\specialdlp\x64\easymule\antiLeechx64.dll.new
	EndProjectSection
EndProject
Project("{2150E333-8FDC-42A3-9474-1A3956D46DE8}") = "easymule", "easymule", "{A61B8F5F-7952-4F1C-89BB-EFC2B29C4139}"
	ProjectSection(SolutionItems) = preProject
		target\specialdlp\x86\easymule\antiLeech.dll.new = target\specialdlp\x86\easymule\antiLeech.dll.new
	EndProjectSection
EndProject
Project("{2150E333-8FDC-42A3-9474-1A3956D46DE8}") = "lite", "lite", "{F43A64FB-007E-4730-B13B-8D7C420B0514}"
	ProjectSection(SolutionItems) = preProject
		target\specialdlp\arm\lite\antiLeecharm.dll.new = target\specialdlp\arm\lite\antiLeecharm.dll.new
	EndProjectSection
EndProject
Project("{2150E333-8FDC-42A3-9474-1A3956D46DE8}") = "lite", "lite", "{8CF411EA-E1FE-486D-B361-7D67AF965C36}"
	ProjectSection(SolutionItems) = preProject
		target\specialdlp\arm64\lite\antiLeecharm64.dll.new = target\specialdlp\arm64\lite\antiLeecharm64.dll.new
	EndProjectSection
EndProject
Project("{2150E333-8FDC-42A3-9474-1A3956D46DE8}") = "lite", "lite", "{DF2390FA-F296-4D39-A1E7-721BD74EF879}"
	ProjectSection(SolutionItems) = preProject
		target\specialdlp\arm64ec\lite\antiLeecharm64ec.dll.new = target\specialdlp\arm64ec\lite\antiLeecharm64ec.dll.new
	EndProjectSection
EndProject
Project("{2150E333-8FDC-42A3-9474-1A3956D46DE8}") = "lite", "lite", "{0E424596-8104-4E2E-86DD-7C8C37CF5069}"
	ProjectSection(SolutionItems) = preProject
		target\specialdlp\x64\lite\antiLeechx64.dll.new = target\specialdlp\x64\lite\antiLeechx64.dll.new
	EndProjectSection
EndProject
Project("{2150E333-8FDC-42A3-9474-1A3956D46DE8}") = "lite", "lite", "{6576DC3E-7B3E-49DC-BA57-5D65F9D0B36C}"
	ProjectSection(SolutionItems) = preProject
		target\specialdlp\x86\lite\antiLeech.dll.new = target\specialdlp\x86\lite\antiLeech.dll.new
	EndProjectSection
EndProject
Project("{2150E333-8FDC-42A3-9474-1A3956D46DE8}") = "verycd-nickname", "verycd-nickname", "{7D8D64E2-874B-4058-9290-56BB7B559965}"
	ProjectSection(SolutionItems) = preProject
		target\specialdlp\arm\verycd-nickname\antiLeecharm.dll.new = target\specialdlp\arm\verycd-nickname\antiLeecharm.dll.new
	EndProjectSection
EndProject
Project("{2150E333-8FDC-42A3-9474-1A3956D46DE8}") = "verycd-nickname", "verycd-nickname", "{A749225A-1CE2-474C-814B-7C7A2BEE39A6}"
	ProjectSection(SolutionItems) = preProject
		target\specialdlp\arm64\verycd-nickname\antiLeecharm64.dll.new = target\specialdlp\arm64\verycd-nickname\antiLeecharm64.dll.new
	EndProjectSection
EndProject
Project("{2150E333-8FDC-42A3-9474-1A3956D46DE8}") = "verycd-nickname", "verycd-nickname", "{B231876B-7D77-4BDA-91E0-CEA49C1B4C4B}"
	ProjectSection(SolutionItems) = preProject
		target\specialdlp\arm64ec\verycd-nickname\antiLeecharm64ec.dll.new = target\specialdlp\arm64ec\verycd-nickname\antiLeecharm64ec.dll.new
	EndProjectSection
EndProject
Project("{2150E333-8FDC-42A3-9474-1A3956D46DE8}") = "verycd-nickname", "verycd-nickname", "{6FC868E7-13B9-4D57-8930-18E70C6D20AE}"
	ProjectSection(SolutionItems) = preProject
		target\specialdlp\x64\verycd-nickname\antiLeechx64.dll.new = target\specialdlp\x64\verycd-nickname\antiLeechx64.dll.new
	EndProjectSection
EndProject
Project("{2150E333-8FDC-42A3-9474-1A3956D46DE8}") = "verycd-nickname", "verycd-nickname", "{CC7CE055-6255-4BAE-AA48-C76F13C4173F}"
	ProjectSection(SolutionItems) = preProject
		target\specialdlp\x86\verycd-nickname\antiLeech.dll.new = target\specialdlp\x86\verycd-nickname\antiLeech.dll.new
	EndProjectSection
EndProject
Project("{2150E333-8FDC-42A3-9474-1A3956D46DE8}") = "verycd-tag", "verycd-tag", "{F6FA0316-D6BD-4B9D-8B96-E4085957791F}"
	ProjectSection(SolutionItems) = preProject
		target\specialdlp\arm\verycd-tag\antiLeecharm.dll.new = target\specialdlp\arm\verycd-tag\antiLeecharm.dll.new
	EndProjectSection
EndProject
Project("{2150E333-8FDC-42A3-9474-1A3956D46DE8}") = "verycd-tag", "verycd-tag", "{535CA565-4D68-4746-94F2-05CC99B4B4F9}"
	ProjectSection(SolutionItems) = preProject
		target\specialdlp\arm64\verycd-tag\antiLeecharm64.dll.new = target\specialdlp\arm64\verycd-tag\antiLeecharm64.dll.new
	EndProjectSection
EndProject
Project("{2150E333-8FDC-42A3-9474-1A3956D46DE8}") = "verycd-tag", "verycd-tag", "{CC1A0640-0B66-4BAE-A21F-DEF5ABA2EB0F}"
	ProjectSection(SolutionItems) = preProject
		target\specialdlp\arm64ec\verycd-tag\antiLeecharm64ec.dll.new = target\specialdlp\arm64ec\verycd-tag\antiLeecharm64ec.dll.new
	EndProjectSection
EndProject
Project("{2150E333-8FDC-42A3-9474-1A3956D46DE8}") = "verycd-tag", "verycd-tag", "{CD182508-EAF9-4DE3-BD8E-280C658ECD7E}"
	ProjectSection(SolutionItems) = preProject
		target\specialdlp\x64\verycd-tag\antiLeechx64.dll.new = target\specialdlp\x64\verycd-tag\antiLeechx64.dll.new
	EndProjectSection
EndProject
Project("{2150E333-8FDC-42A3-9474-1A3956D46DE8}") = "verycd-tag", "verycd-tag", "{07E5158B-45D6-4017-A4E3-D249D49986DF}"
	ProjectSection(SolutionItems) = preProject
		target\specialdlp\x86\verycd-tag\antiLeech.dll.new = target\specialdlp\x86\verycd-tag\antiLeech.dll.new
	EndProjectSection
EndProject
Project("{2150E333-8FDC-42A3-9474-1A3956D46DE8}") = "specialdlp", "specialdlp", "{998CF04B-AC9B-4E3B-AEFE-334D29BE777E}"
EndProject
Project("{2150E333-8FDC-42A3-9474-1A3956D46DE8}") = "specialdlpTester", "specialdlpTester", "{E574BDA1-E294-4643-936D-6691A9E116FD}"
EndProject
Project("{2150E333-8FDC-42A3-9474-1A3956D46DE8}") = "arm", "arm", "{476BB462-4E1F-4AE9-9692-CE65F9A0DED2}"
	ProjectSection(SolutionItems) = preProject
		target\specialdlpTester\arm\specialdlpTester_arm.exe = target\specialdlpTester\arm\specialdlpTester_arm.exe
	EndProjectSection
EndProject
Project("{2150E333-8FDC-42A3-9474-1A3956D46DE8}") = "arm64", "arm64", "{1F57BF46-24B8-4ED6-956C-D66D886B98D0}"
	ProjectSection(SolutionItems) = preProject
		target\specialdlpTester\arm64\specialdlpTester_arm64.exe = target\specialdlpTester\arm64\specialdlpTester_arm64.exe
	EndProjectSection
EndProject
Project("{2150E333-8FDC-42A3-9474-1A3956D46DE8}") = "arm64ec", "arm64ec", "{427CA8C4-01C7-49D1-B942-9FF82E13B408}"
	ProjectSection(SolutionItems) = preProject
		target\specialdlpTester\arm64ec\specialdlpTester_arm64ec.exe = target\specialdlpTester\arm64ec\specialdlpTester_arm64ec.exe
	EndProjectSection
EndProject
Project("{2150E333-8FDC-42A3-9474-1A3956D46DE8}") = "x64", "x64", "{C032E0CC-8853-42E3-8087-E4DB90C94BFF}"
	ProjectSection(SolutionItems) = preProject
		target\specialdlpTester\x64\specialdlpTester_x64.exe = target\specialdlpTester\x64\specialdlpTester_x64.exe
	EndProjectSection
EndProject
Project("{2150E333-8FDC-42A3-9474-1A3956D46DE8}") = "x86", "x86", "{DE7F5C42-B61D-487A-B9E6-95193B266430}"
	ProjectSection(SolutionItems) = preProject
		target\specialdlpTester\x86\specialdlpTester.exe = target\specialdlpTester\x86\specialdlpTester.exe
	EndProjectSection
EndProject
Global
	GlobalSection(SolutionConfigurationPlatforms) = preSolution
		Debug|ARM = Debug|ARM
		Debug|ARM64 = Debug|ARM64
		Debug|ARM64EC = Debug|ARM64EC
		Debug|x64 = Debug|x64
		Debug|x86 = Debug|x86
		Release_SDC_ALL_VERYCD|ARM = Release_SDC_ALL_VERYCD|ARM
		Release_SDC_ALL_VERYCD|ARM64 = Release_SDC_ALL_VERYCD|ARM64
		Release_SDC_ALL_VERYCD|ARM64EC = Release_SDC_ALL_VERYCD|ARM64EC
		Release_SDC_ALL_VERYCD|x64 = Release_SDC_ALL_VERYCD|x64
		Release_SDC_ALL_VERYCD|x86 = Release_SDC_ALL_VERYCD|x86
		Release_SDC_EASYMULE|ARM = Release_SDC_EASYMULE|ARM
		Release_SDC_EASYMULE|ARM64 = Release_SDC_EASYMULE|ARM64
		Release_SDC_EASYMULE|ARM64EC = Release_SDC_EASYMULE|ARM64EC
		Release_SDC_EASYMULE|x64 = Release_SDC_EASYMULE|x64
		Release_SDC_EASYMULE|x86 = Release_SDC_EASYMULE|x86
		Release_SDC_LITE|ARM = Release_SDC_LITE|ARM
		Release_SDC_LITE|ARM64 = Release_SDC_LITE|ARM64
		Release_SDC_LITE|ARM64EC = Release_SDC_LITE|ARM64EC
		Release_SDC_LITE|x64 = Release_SDC_LITE|x64
		Release_SDC_LITE|x86 = Release_SDC_LITE|x86
		Release_SDC_VERYCD_NICKNAME|ARM = Release_SDC_VERYCD_NICKNAME|ARM
		Release_SDC_VERYCD_NICKNAME|ARM64 = Release_SDC_VERYCD_NICKNAME|ARM64
		Release_SDC_VERYCD_NICKNAME|ARM64EC = Release_SDC_VERYCD_NICKNAME|ARM64EC
		Release_SDC_VERYCD_NICKNAME|x64 = Release_SDC_VERYCD_NICKNAME|x64
		Release_SDC_VERYCD_NICKNAME|x86 = Release_SDC_VERYCD_NICKNAME|x86
		Release_SDC_VERYCD_TAG|ARM = Release_SDC_VERYCD_TAG|ARM
		Release_SDC_VERYCD_TAG|ARM64 = Release_SDC_VERYCD_TAG|ARM64
		Release_SDC_VERYCD_TAG|ARM64EC = Release_SDC_VERYCD_TAG|ARM64EC
		Release_SDC_VERYCD_TAG|x64 = Release_SDC_VERYCD_TAG|x64
		Release_SDC_VERYCD_TAG|x86 = Release_SDC_VERYCD_TAG|x86
		Release|ARM = Release|ARM
		Release|ARM64 = Release|ARM64
		Release|ARM64EC = Release|ARM64EC
		Release|x64 = Release|x64
		Release|x86 = Release|x86
	EndGlobalSection
	GlobalSection(ProjectConfigurationPlatforms) = postSolution
		{3A9EE43B-4961-4F30-A565-A48EB043B6C4}.Debug|ARM.ActiveCfg = Debug|ARM
		{3A9EE43B-4961-4F30-A565-A48EB043B6C4}.Debug|ARM.Build.0 = Debug|ARM
		{3A9EE43B-4961-4F30-A565-A48EB043B6C4}.Debug|ARM64.ActiveCfg = Debug|ARM64
		{3A9EE43B-4961-4F30-A565-A48EB043B6C4}.Debug|ARM64.Build.0 = Debug|ARM64
		{3A9EE43B-4961-4F30-A565-A48EB043B6C4}.Debug|ARM64EC.ActiveCfg = Debug|ARM64EC
		{3A9EE43B-4961-4F30-A565-A48EB043B6C4}.Debug|ARM64EC.Build.0 = Debug|ARM64EC
		{3A9EE43B-4961-4F30-A565-A48EB043B6C4}.Debug|x64.ActiveCfg = Debug|x64
		{3A9EE43B-4961-4F30-A565-A48EB043B6C4}.Debug|x64.Build.0 = Debug|x64
		{3A9EE43B-4961-4F30-A565-A48EB043B6C4}.Debug|x86.ActiveCfg = Debug|Win32
		{3A9EE43B-4961-4F30-A565-A48EB043B6C4}.Debug|x86.Build.0 = Debug|Win32
		{3A9EE43B-4961-4F30-A565-A48EB043B6C4}.Release_SDC_ALL_VERYCD|ARM.ActiveCfg = Release_SDC_ALL_VERYCD|ARM
		{3A9EE43B-4961-4F30-A565-A48EB043B6C4}.Release_SDC_ALL_VERYCD|ARM.Build.0 = Release_SDC_ALL_VERYCD|ARM
		{3A9EE43B-4961-4F30-A565-A48EB043B6C4}.Release_SDC_ALL_VERYCD|ARM64.ActiveCfg = Release_SDC_ALL_VERYCD|ARM64
		{3A9EE43B-4961-4F30-A565-A48EB043B6C4}.Release_SDC_ALL_VERYCD|ARM64.Build.0 = Release_SDC_ALL_VERYCD|ARM64
		{3A9EE43B-4961-4F30-A565-A48EB043B6C4}.Release_SDC_ALL_VERYCD|ARM64EC.ActiveCfg = Release_SDC_ALL_VERYCD|ARM64EC
		{3A9EE43B-4961-4F30-A565-A48EB043B6C4}.Release_SDC_ALL_VERYCD|ARM64EC.Build.0 = Release_SDC_ALL_VERYCD|ARM64EC
		{3A9EE43B-4961-4F30-A565-A48EB043B6C4}.Release_SDC_ALL_VERYCD|x64.ActiveCfg = Release_SDC_ALL_VERYCD|x64
		{3A9EE43B-4961-4F30-A565-A48EB043B6C4}.Release_SDC_ALL_VERYCD|x64.Build.0 = Release_SDC_ALL_VERYCD|x64
		{3A9EE43B-4961-4F30-A565-A48EB043B6C4}.Release_SDC_ALL_VERYCD|x86.ActiveCfg = Release_SDC_ALL_VERYCD|Win32
		{3A9EE43B-4961-4F30-A565-A48EB043B6C4}.Release_SDC_ALL_VERYCD|x86.Build.0 = Release_SDC_ALL_VERYCD|Win32
		{3A9EE43B-4961-4F30-A565-A48EB043B6C4}.Release_SDC_EASYMULE|ARM.ActiveCfg = Release_SDC_EASYMULE|ARM
		{3A9EE43B-4961-4F30-A565-A48EB043B6C4}.Release_SDC_EASYMULE|ARM.Build.0 = Release_SDC_EASYMULE|ARM
		{3A9EE43B-4961-4F30-A565-A48EB043B6C4}.Release_SDC_EASYMULE|ARM64.ActiveCfg = Release_SDC_EASYMULE|ARM64
		{3A9EE43B-4961-4F30-A565-A48EB043B6C4}.Release_SDC_EASYMULE|ARM64.Build.0 = Release_SDC_EASYMULE|ARM64
		{3A9EE43B-4961-4F30-A565-A48EB043B6C4}.Release_SDC_EASYMULE|ARM64EC.ActiveCfg = Release_SDC_EASYMULE|ARM64EC
		{3A9EE43B-4961-4F30-A565-A48EB043B6C4}.Release_SDC_EASYMULE|ARM64EC.Build.0 = Release_SDC_EASYMULE|ARM64EC
		{3A9EE43B-4961-4F30-A565-A48EB043B6C4}.Release_SDC_EASYMULE|x64.ActiveCfg = Release_SDC_EASYMULE|x64
		{3A9EE43B-4961-4F30-A565-A48EB043B6C4}.Release_SDC_EASYMULE|x64.Build.0 = Release_SDC_EASYMULE|x64
		{3A9EE43B-4961-4F30-A565-A48EB043B6C4}.Release_SDC_EASYMULE|x86.ActiveCfg = Release_SDC_EASYMULE|Win32
		{3A9EE43B-4961-4F30-A565-A48EB043B6C4}.Release_SDC_EASYMULE|x86.Build.0 = Release_SDC_EASYMULE|Win32
		{3A9EE43B-4961-4F30-A565-A48EB043B6C4}.Release_SDC_LITE|ARM.ActiveCfg = Release_SDC_LITE|ARM
		{3A9EE43B-4961-4F30-A565-A48EB043B6C4}.Release_SDC_LITE|ARM.Build.0 = Release_SDC_LITE|ARM
		{3A9EE43B-4961-4F30-A565-A48EB043B6C4}.Release_SDC_LITE|ARM64.ActiveCfg = Release_SDC_LITE|ARM64
		{3A9EE43B-4961-4F30-A565-A48EB043B6C4}.Release_SDC_LITE|ARM64.Build.0 = Release_SDC_LITE|ARM64
		{3A9EE43B-4961-4F30-A565-A48EB043B6C4}.Release_SDC_LITE|ARM64EC.ActiveCfg = Release_SDC_LITE|ARM64EC
		{3A9EE43B-4961-4F30-A565-A48EB043B6C4}.Release_SDC_LITE|ARM64EC.Build.0 = Release_SDC_LITE|ARM64EC
		{3A9EE43B-4961-4F30-A565-A48EB043B6C4}.Release_SDC_LITE|x64.ActiveCfg = Release_SDC_LITE|x64
		{3A9EE43B-4961-4F30-A565-A48EB043B6C4}.Release_SDC_LITE|x64.Build.0 = Release_SDC_LITE|x64
		{3A9EE43B-4961-4F30-A565-A48EB043B6C4}.Release_SDC_LITE|x86.ActiveCfg = Release_SDC_LITE|Win32
		{3A9EE43B-4961-4F30-A565-A48EB043B6C4}.Release_SDC_LITE|x86.Build.0 = Release_SDC_LITE|Win32
		{3A9EE43B-4961-4F30-A565-A48EB043B6C4}.Release_SDC_VERYCD_NICKNAME|ARM.ActiveCfg = Release_SDC_VERYCD_NICKNAME|ARM
		{3A9EE43B-4961-4F30-A565-A48EB043B6C4}.Release_SDC_VERYCD_NICKNAME|ARM.Build.0 = Release_SDC_VERYCD_NICKNAME|ARM
		{3A9EE43B-4961-4F30-A565-A48EB043B6C4}.Release_SDC_VERYCD_NICKNAME|ARM64.ActiveCfg = Release_SDC_VERYCD_NICKNAME|ARM64
		{3A9EE43B-4961-4F30-A565-A48EB043B6C4}.Release_SDC_VERYCD_NICKNAME|ARM64.Build.0 = Release_SDC_VERYCD_NICKNAME|ARM64
		{3A9EE43B-4961-4F30-A565-A48EB043B6C4}.Release_SDC_VERYCD_NICKNAME|ARM64EC.ActiveCfg = Release_SDC_VERYCD_NICKNAME|ARM64EC
		{3A9EE43B-4961-4F30-A565-A48EB043B6C4}.Release_SDC_VERYCD_NICKNAME|ARM64EC.Build.0 = Release_SDC_VERYCD_NICKNAME|ARM64EC
		{3A9EE43B-4961-4F30-A565-A48EB043B6C4}.Release_SDC_VERYCD_NICKNAME|x64.ActiveCfg = Release_SDC_VERYCD_NICKNAME|x64
		{3A9EE43B-4961-4F30-A565-A48EB043B6C4}.Release_SDC_VERYCD_NICKNAME|x64.Build.0 = Release_SDC_VERYCD_NICKNAME|x64
		{3A9EE43B-4961-4F30-A565-A48EB043B6C4}.Release_SDC_VERYCD_NICKNAME|x86.ActiveCfg = Release_SDC_VERYCD_NICKNAME|Win32
		{3A9EE43B-4961-4F30-A565-A48EB043B6C4}.Release_SDC_VERYCD_NICKNAME|x86.Build.0 = Release_SDC_VERYCD_NICKNAME|Win32
		{3A9EE43B-4961-4F30-A565-A48EB043B6C4}.Release_SDC_VERYCD_TAG|ARM.ActiveCfg = Release_SDC_VERYCD_TAG|ARM
		{3A9EE43B-4961-4F30-A565-A48EB043B6C4}.Release_SDC_VERYCD_TAG|ARM.Build.0 = Release_SDC_VERYCD_TAG|ARM
		{3A9EE43B-4961-4F30-A565-A48EB043B6C4}.Release_SDC_VERYCD_TAG|ARM64.ActiveCfg = Release_SDC_VERYCD_TAG|ARM64
		{3A9EE43B-4961-4F30-A565-A48EB043B6C4}.Release_SDC_VERYCD_TAG|ARM64.Build.0 = Release_SDC_VERYCD_TAG|ARM64
		{3A9EE43B-4961-4F30-A565-A48EB043B6C4}.Release_SDC_VERYCD_TAG|ARM64EC.ActiveCfg = Release_SDC_VERYCD_TAG|ARM64EC
		{3A9EE43B-4961-4F30-A565-A48EB043B6C4}.Release_SDC_VERYCD_TAG|ARM64EC.Build.0 = Release_SDC_VERYCD_TAG|ARM64EC
		{3A9EE43B-4961-4F30-A565-A48EB043B6C4}.Release_SDC_VERYCD_TAG|x64.ActiveCfg = Release_SDC_VERYCD_TAG|x64
		{3A9EE43B-4961-4F30-A565-A48EB043B6C4}.Release_SDC_VERYCD_TAG|x64.Build.0 = Release_SDC_VERYCD_TAG|x64
		{3A9EE43B-4961-4F30-A565-A48EB043B6C4}.Release_SDC_VERYCD_TAG|x86.ActiveCfg = Release_SDC_VERYCD_TAG|Win32
		{3A9EE43B-4961-4F30-A565-A48EB043B6C4}.Release_SDC_VERYCD_TAG|x86.Build.0 = Release_SDC_VERYCD_TAG|Win32
		{3A9EE43B-4961-4F30-A565-A48EB043B6C4}.Release|ARM.ActiveCfg = Release|ARM
		{3A9EE43B-4961-4F30-A565-A48EB043B6C4}.Release|ARM.Build.0 = Release|ARM
		{3A9EE43B-4961-4F30-A565-A48EB043B6C4}.Release|ARM64.ActiveCfg = Release|ARM64
		{3A9EE43B-4961-4F30-A565-A48EB043B6C4}.Release|ARM64.Build.0 = Release|ARM64
		{3A9EE43B-4961-4F30-A565-A48EB043B6C4}.Release|ARM64EC.ActiveCfg = Release|ARM64EC
		{3A9EE43B-4961-4F30-A565-A48EB043B6C4}.Release|ARM64EC.Build.0 = Release|ARM64EC
		{3A9EE43B-4961-4F30-A565-A48EB043B6C4}.Release|x64.ActiveCfg = Release|x64
		{3A9EE43B-4961-4F30-A565-A48EB043B6C4}.Release|x64.Build.0 = Release|x64
		{3A9EE43B-4961-4F30-A565-A48EB043B6C4}.Release|x86.ActiveCfg = Release|Win32
		{3A9EE43B-4961-4F30-A565-A48EB043B6C4}.Release|x86.Build.0 = Release|Win32
		{BEB0CD3F-35F6-48C5-8FFA-F6CFF7EA2225}.Debug|ARM.ActiveCfg = Debug|ARM
		{BEB0CD3F-35F6-48C5-8FFA-F6CFF7EA2225}.Debug|ARM.Build.0 = Debug|ARM
		{BEB0CD3F-35F6-48C5-8FFA-F6CFF7EA2225}.Debug|ARM64.ActiveCfg = Debug|ARM64
		{BEB0CD3F-35F6-48C5-8FFA-F6CFF7EA2225}.Debug|ARM64.Build.0 = Debug|ARM64
		{BEB0CD3F-35F6-48C5-8FFA-F6CFF7EA2225}.Debug|ARM64EC.ActiveCfg = Debug|ARM64EC
		{BEB0CD3F-35F6-48C5-8FFA-F6CFF7EA2225}.Debug|ARM64EC.Build.0 = Debug|ARM64EC
		{BEB0CD3F-35F6-48C5-8FFA-F6CFF7EA2225}.Debug|x64.ActiveCfg = Debug|x64
		{BEB0CD3F-35F6-48C5-8FFA-F6CFF7EA2225}.Debug|x64.Build.0 = Debug|x64
		{BEB0CD3F-35F6-48C5-8FFA-F6CFF7EA2225}.Debug|x86.ActiveCfg = Debug|Win32
		{BEB0CD3F-35F6-48C5-8FFA-F6CFF7EA2225}.Debug|x86.Build.0 = Debug|Win32
		{BEB0CD3F-35F6-48C5-8FFA-F6CFF7EA2225}.Release_SDC_ALL_VERYCD|ARM.ActiveCfg = Release|ARM
		{BEB0CD3F-35F6-48C5-8FFA-F6CFF7EA2225}.Release_SDC_ALL_VERYCD|ARM.Build.0 = Release|ARM
		{BEB0CD3F-35F6-48C5-8FFA-F6CFF7EA2225}.Release_SDC_ALL_VERYCD|ARM64.ActiveCfg = Release|ARM64
		{BEB0CD3F-35F6-48C5-8FFA-F6CFF7EA2225}.Release_SDC_ALL_VERYCD|ARM64.Build.0 = Release|ARM64
		{BEB0CD3F-35F6-48C5-8FFA-F6CFF7EA2225}.Release_SDC_ALL_VERYCD|ARM64EC.ActiveCfg = Release|ARM64EC
		{BEB0CD3F-35F6-48C5-8FFA-F6CFF7EA2225}.Release_SDC_ALL_VERYCD|ARM64EC.Build.0 = Release|ARM64EC
		{BEB0CD3F-35F6-48C5-8FFA-F6CFF7EA2225}.Release_SDC_ALL_VERYCD|x64.ActiveCfg = Release|x64
		{BEB0CD3F-35F6-48C5-8FFA-F6CFF7EA2225}.Release_SDC_ALL_VERYCD|x64.Build.0 = Release|x64
		{BEB0CD3F-35F6-48C5-8FFA-F6CFF7EA2225}.Release_SDC_ALL_VERYCD|x86.ActiveCfg = Release|Win32
		{BEB0CD3F-35F6-48C5-8FFA-F6CFF7EA2225}.Release_SDC_ALL_VERYCD|x86.Build.0 = Release|Win32
		{BEB0CD3F-35F6-48C5-8FFA-F6CFF7EA2225}.Release_SDC_EASYMULE|ARM.ActiveCfg = Release|ARM
		{BEB0CD3F-35F6-48C5-8FFA-F6CFF7EA2225}.Release_SDC_EASYMULE|ARM.Build.0 = Release|ARM
		{BEB0CD3F-35F6-48C5-8FFA-F6CFF7EA2225}.Release_SDC_EASYMULE|ARM64.ActiveCfg = Release|ARM64
		{BEB0CD3F-35F6-48C5-8FFA-F6CFF7EA2225}.Release_SDC_EASYMULE|ARM64.Build.0 = Release|ARM64
		{BEB0CD3F-35F6-48C5-8FFA-F6CFF7EA2225}.Release_SDC_EASYMULE|ARM64EC.ActiveCfg = Release|ARM64EC
		{BEB0CD3F-35F6-48C5-8FFA-F6CFF7EA2225}.Release_SDC_EASYMULE|ARM64EC.Build.0 = Release|ARM64EC
		{BEB0CD3F-35F6-48C5-8FFA-F6CFF7EA2225}.Release_SDC_EASYMULE|x64.ActiveCfg = Release|x64
		{BEB0CD3F-35F6-48C5-8FFA-F6CFF7EA2225}.Release_SDC_EASYMULE|x64.Build.0 = Release|x64
		{BEB0CD3F-35F6-48C5-8FFA-F6CFF7EA2225}.Release_SDC_EASYMULE|x86.ActiveCfg = Release|Win32
		{BEB0CD3F-35F6-48C5-8FFA-F6CFF7EA2225}.Release_SDC_EASYMULE|x86.Build.0 = Release|Win32
		{BEB0CD3F-35F6-48C5-8FFA-F6CFF7EA2225}.Release_SDC_LITE|ARM.ActiveCfg = Release|ARM
		{BEB0CD3F-35F6-48C5-8FFA-F6CFF7EA2225}.Release_SDC_LITE|ARM.Build.0 = Release|ARM
		{BEB0CD3F-35F6-48C5-8FFA-F6CFF7EA2225}.Release_SDC_LITE|ARM64.ActiveCfg = Release|ARM64
		{BEB0CD3F-35F6-48C5-8FFA-F6CFF7EA2225}.Release_SDC_LITE|ARM64.Build.0 = Release|ARM64
		{BEB0CD3F-35F6-48C5-8FFA-F6CFF7EA2225}.Release_SDC_LITE|ARM64EC.ActiveCfg = Release|ARM64EC
		{BEB0CD3F-35F6-48C5-8FFA-F6CFF7EA2225}.Release_SDC_LITE|ARM64EC.Build.0 = Release|ARM64EC
		{BEB0CD3F-35F6-48C5-8FFA-F6CFF7EA2225}.Release_SDC_LITE|x64.ActiveCfg = Release|x64
		{BEB0CD3F-35F6-48C5-8FFA-F6CFF7EA2225}.Release_SDC_LITE|x64.Build.0 = Release|x64
		{BEB0CD3F-35F6-48C5-8FFA-F6CFF7EA2225}.Release_SDC_LITE|x86.ActiveCfg = Release|Win32
		{BEB0CD3F-35F6-48C5-8FFA-F6CFF7EA2225}.Release_SDC_LITE|x86.Build.0 = Release|Win32
		{BEB0CD3F-35F6-48C5-8FFA-F6CFF7EA2225}.Release_SDC_VERYCD_NICKNAME|ARM.ActiveCfg = Release|ARM
		{BEB0CD3F-35F6-48C5-8FFA-F6CFF7EA2225}.Release_SDC_VERYCD_NICKNAME|ARM.Build.0 = Release|ARM
		{BEB0CD3F-35F6-48C5-8FFA-F6CFF7EA2225}.Release_SDC_VERYCD_NICKNAME|ARM64.ActiveCfg = Release|ARM64
		{BEB0CD3F-35F6-48C5-8FFA-F6CFF7EA2225}.Release_SDC_VERYCD_NICKNAME|ARM64.Build.0 = Release|ARM64
		{BEB0CD3F-35F6-48C5-8FFA-F6CFF7EA2225}.Release_SDC_VERYCD_NICKNAME|ARM64EC.ActiveCfg = Release|ARM64EC
		{BEB0CD3F-35F6-48C5-8FFA-F6CFF7EA2225}.Release_SDC_VERYCD_NICKNAME|ARM64EC.Build.0 = Release|ARM64EC
		{BEB0CD3F-35F6-48C5-8FFA-F6CFF7EA2225}.Release_SDC_VERYCD_NICKNAME|x64.ActiveCfg = Release|x64
		{BEB0CD3F-35F6-48C5-8FFA-F6CFF7EA2225}.Release_SDC_VERYCD_NICKNAME|x64.Build.0 = Release|x64
		{BEB0CD3F-35F6-48C5-8FFA-F6CFF7EA2225}.Release_SDC_VERYCD_NICKNAME|x86.ActiveCfg = Release|Win32
		{BEB0CD3F-35F6-48C5-8FFA-F6CFF7EA2225}.Release_SDC_VERYCD_NICKNAME|x86.Build.0 = Release|Win32
		{BEB0CD3F-35F6-48C5-8FFA-F6CFF7EA2225}.Release_SDC_VERYCD_TAG|ARM.ActiveCfg = Release|ARM
		{BEB0CD3F-35F6-48C5-8FFA-F6CFF7EA2225}.Release_SDC_VERYCD_TAG|ARM.Build.0 = Release|ARM
		{BEB0CD3F-35F6-48C5-8FFA-F6CFF7EA2225}.Release_SDC_VERYCD_TAG|ARM64.ActiveCfg = Release|ARM64
		{BEB0CD3F-35F6-48C5-8FFA-F6CFF7EA2225}.Release_SDC_VERYCD_TAG|ARM64.Build.0 = Release|ARM64
		{BEB0CD3F-35F6-48C5-8FFA-F6CFF7EA2225}.Release_SDC_VERYCD_TAG|ARM64EC.ActiveCfg = Release|ARM64EC
		{BEB0CD3F-35F6-48C5-8FFA-F6CFF7EA2225}.Release_SDC_VERYCD_TAG|ARM64EC.Build.0 = Release|ARM64EC
		{BEB0CD3F-35F6-48C5-8FFA-F6CFF7EA2225}.Release_SDC_VERYCD_TAG|x64.ActiveCfg = Release|x64
		{BEB0CD3F-35F6-48C5-8FFA-F6CFF7EA2225}.Release_SDC_VERYCD_TAG|x64.Build.0 = Release|x64
		{BEB0CD3F-35F6-48C5-8FFA-F6CFF7EA2225}.Release_SDC_VERYCD_TAG|x86.ActiveCfg = Release|Win32
		{BEB0CD3F-35F6-48C5-8FFA-F6CFF7EA2225}.Release_SDC_VERYCD_TAG|x86.Build.0 = Release|Win32
		{BEB0CD3F-35F6-48C5-8FFA-F6CFF7EA2225}.Release|ARM.ActiveCfg = Release|ARM
		{BEB0CD3F-35F6-48C5-8FFA-F6CFF7EA2225}.Release|ARM.Build.0 = Release|ARM
		{BEB0CD3F-35F6-48C5-8FFA-F6CFF7EA2225}.Release|ARM64.ActiveCfg = Release|ARM64
		{BEB0CD3F-35F6-48C5-8FFA-F6CFF7EA2225}.Release|ARM64.Build.0 = Release|ARM64
		{BEB0CD3F-35F6-48C5-8FFA-F6CFF7EA2225}.Release|ARM64EC.ActiveCfg = Release|ARM64EC
		{BEB0CD3F-35F6-48C5-8FFA-F6CFF7EA2225}.Release|ARM64EC.Build.0 = Release|ARM64EC
		{BEB0CD3F-35F6-48C5-8FFA-F6CFF7EA2225}.Release|x64.ActiveCfg = Release|x64
		{BEB0CD3F-35F6-48C5-8FFA-F6CFF7EA2225}.Release|x64.Build.0 = Release|x64
		{BEB0CD3F-35F6-48C5-8FFA-F6CFF7EA2225}.Release|x86.ActiveCfg = Release|Win32
		{BEB0CD3F-35F6-48C5-8FFA-F6CFF7EA2225}.Release|x86.Build.0 = Release|Win32
	EndGlobalSection
	GlobalSection(SolutionProperties) = preSolution
		HideSolutionNode = FALSE
	EndGlobalSection
	GlobalSection(NestedProjects) = preSolution
		{3A9EE43B-4961-4F30-A565-A48EB043B6C4} = {AC73A027-5FAF-4DEC-93AC-F92A3326A654}
		{480E715A-EA0B-47A0-BDCD-6484E835EF45} = {AC73A027-5FAF-4DEC-93AC-F92A3326A654}
		{9A08E279-0E63-45E8-8D88-1076FDC2A6E3} = {480E715A-EA0B-47A0-BDCD-6484E835EF45}
		{8DFDE115-8BC9-494A-B734-39CBF145169A} = {9A08E279-0E63-45E8-8D88-1076FDC2A6E3}
		{E6BD94B7-6644-4965-A6B8-B08D0D8104A0} = {9A08E279-0E63-45E8-8D88-1076FDC2A6E3}
		{B8B5EA5A-BA3F-4A22-A62C-3AE925BE11B6} = {AC73A027-5FAF-4DEC-93AC-F92A3326A654}
		{20E40F21-E3D4-4516-8CE7-233D15C38844} = {8DFDE115-8BC9-494A-B734-39CBF145169A}
		{9E64FC2C-565E-4FC2-AB5B-1902C7C941E4} = {8DFDE115-8BC9-494A-B734-39CBF145169A}
		{B32B3B46-0FF9-413B-AC4F-B48749C969B4} = {E6BD94B7-6644-4965-A6B8-B08D0D8104A0}
		{41CB23C9-A1C9-4ABF-97D6-6969EA885078} = {E6BD94B7-6644-4965-A6B8-B08D0D8104A0}
		{986C1212-FE51-4509-BD30-055C82410BBF} = {AC73A027-5FAF-4DEC-93AC-F92A3326A654}
		{BEB0CD3F-35F6-48C5-8FFA-F6CFF7EA2225} = {AC73A027-5FAF-4DEC-93AC-F92A3326A654}
		{48BF678A-CF1F-42E8-B024-E0990C1F206B} = {AC73A027-5FAF-4DEC-93AC-F92A3326A654}
		{CF942649-6102-4E94-8918-D362AE6A9A62} = {998CF04B-AC9B-4E3B-AEFE-334D29BE777E}
		{0085204F-D0FB-489B-874D-EE492513EEAE} = {998CF04B-AC9B-4E3B-AEFE-334D29BE777E}
		{8F32A07B-C968-4B28-A540-9E43E5504221} = {998CF04B-AC9B-4E3B-AEFE-334D29BE777E}
		{357299DC-7753-4EAB-BBFD-D4CA50B91BCC} = {998CF04B-AC9B-4E3B-AEFE-334D29BE777E}
		{E7AEA776-F51F-4964-BE93-798EC240BFC9} = {998CF04B-AC9B-4E3B-AEFE-334D29BE777E}
		{3B492BC9-AB45-4FA3-B139-8E5D63694A1B} = {CF942649-6102-4E94-8918-D362AE6A9A62}
		{84E72D04-DAE7-4A3B-9651-D0E569F2637B} = {0085204F-D0FB-489B-874D-EE492513EEAE}
		{64E43285-EC0A-4774-B6F3-F049AB3D9C77} = {8F32A07B-C968-4B28-A540-9E43E5504221}
		{FA9A2E71-4D1C-4F6C-9ED7-19F71A2361C9} = {E7AEA776-F51F-4964-BE93-798EC240BFC9}
		{B88B61A4-43CF-43CB-B004-48C4C82C710D} = {357299DC-7753-4EAB-BBFD-D4CA50B91BCC}
		{8C9E3DDD-1451-4ACA-9F26-890525648515} = {CF942649-6102-4E94-8918-D362AE6A9A62}
		{6DCD3A66-7E1B-4E02-B571-F80A2DB27F80} = {0085204F-D0FB-489B-874D-EE492513EEAE}
		{0E4F029D-F819-45CB-9CB4-1246F28C75CE} = {8F32A07B-C968-4B28-A540-9E43E5504221}
		{8045DD46-3BF2-4473-B6D1-4A7D4E73DF47} = {E7AEA776-F51F-4964-BE93-798EC240BFC9}
		{A61B8F5F-7952-4F1C-89BB-EFC2B29C4139} = {357299DC-7753-4EAB-BBFD-D4CA50B91BCC}
		{F43A64FB-007E-4730-B13B-8D7C420B0514} = {CF942649-6102-4E94-8918-D362AE6A9A62}
		{8CF411EA-E1FE-486D-B361-7D67AF965C36} = {0085204F-D0FB-489B-874D-EE492513EEAE}
		{DF2390FA-F296-4D39-A1E7-721BD74EF879} = {8F32A07B-C968-4B28-A540-9E43E5504221}
		{0E424596-8104-4E2E-86DD-7C8C37CF5069} = {E7AEA776-F51F-4964-BE93-798EC240BFC9}
		{6576DC3E-7B3E-49DC-BA57-5D65F9D0B36C} = {357299DC-7753-4EAB-BBFD-D4CA50B91BCC}
		{7D8D64E2-874B-4058-9290-56BB7B559965} = {CF942649-6102-4E94-8918-D362AE6A9A62}
		{A749225A-1CE2-474C-814B-7C7A2BEE39A6} = {0085204F-D0FB-489B-874D-EE492513EEAE}
		{B231876B-7D77-4BDA-91E0-CEA49C1B4C4B} = {8F32A07B-C968-4B28-A540-9E43E5504221}
		{6FC868E7-13B9-4D57-8930-18E70C6D20AE} = {E7AEA776-F51F-4964-BE93-798EC240BFC9}
		{CC7CE055-6255-4BAE-AA48-C76F13C4173F} = {357299DC-7753-4EAB-BBFD-D4CA50B91BCC}
		{F6FA0316-D6BD-4B9D-8B96-E4085957791F} = {CF942649-6102-4E94-8918-D362AE6A9A62}
		{535CA565-4D68-4746-94F2-05CC99B4B4F9} = {0085204F-D0FB-489B-874D-EE492513EEAE}
		{CC1A0640-0B66-4BAE-A21F-DEF5ABA2EB0F} = {8F32A07B-C968-4B28-A540-9E43E5504221}
		{CD182508-EAF9-4DE3-BD8E-280C658ECD7E} = {E7AEA776-F51F-4964-BE93-798EC240BFC9}
		{07E5158B-45D6-4017-A4E3-D249D49986DF} = {357299DC-7753-4EAB-BBFD-D4CA50B91BCC}
		{998CF04B-AC9B-4E3B-AEFE-334D29BE777E} = {986C1212-FE51-4509-BD30-055C82410BBF}
		{E574BDA1-E294-4643-936D-6691A9E116FD} = {986C1212-FE51-4509-BD30-055C82410BBF}
		{476BB462-4E1F-4AE9-9692-CE65F9A0DED2} = {E574BDA1-E294-4643-936D-6691A9E116FD}
		{1F57BF46-24B8-4ED6-956C-D66D886B98D0} = {E574BDA1-E294-4643-936D-6691A9E116FD}
		{427CA8C4-01C7-49D1-B942-9FF82E13B408} = {E574BDA1-E294-4643-936D-6691A9E116FD}
		{C032E0CC-8853-42E3-8087-E4DB90C94BFF} = {E574BDA1-E294-4643-936D-6691A9E116FD}
		{DE7F5C42-B61D-487A-B9E6-95193B266430} = {E574BDA1-E294-4643-936D-6691A9E116FD}
	EndGlobalSection
	GlobalSection(ExtensibilityGlobals) = postSolution
		SolutionGuid = {7287AF59-7DAB-4489-BEAB-9BB5AE40ABFE}
	EndGlobalSection
EndGlobal
